{
	"name": "BSDN-Admin",
	"lockfileVersion": 3,
	"requires": true,
	"packages": {
		"": {
			"dependencies": {
				"mavon-editor": "^2.10.4"
			},
			"devDependencies": {
				"babel-runtime": "^6.26.0"
			}
		},
		"node_modules/babel-runtime": {
			"version": "6.26.0",
			"resolved": "https://registry.npmmirror.com/babel-runtime/-/babel-runtime-6.26.0.tgz",
			"integrity": "sha512-ITKNuq2wKlW1fJg9sSW52eepoYgZBggvOAHC0u/CYu/qxQ9EVzThCgR69BnSXLHjy2f7SY5zaQ4yt7H9ZVxY2g==",
			"dev": true,
			"dependencies": {
				"core-js": "^2.4.0",
				"regenerator-runtime": "^0.11.0"
			}
		},
		"node_modules/commander": {
			"version": "2.20.3",
			"resolved": "https://registry.npmmirror.com/commander/-/commander-2.20.3.tgz",
			"integrity": "sha512-GpVkmM8vF2vQUkj2LvZmD35JxeJOLCwJ9cUkugyk2nuhbv3+mJvpLYYt+0+USMxE+oj+ey/lJEnhZw75x/OMcQ=="
		},
		"node_modules/core-js": {
			"version": "2.6.12",
			"resolved": "https://registry.npmmirror.com/core-js/-/core-js-2.6.12.tgz",
			"integrity": "sha512-Kb2wC0fvsWfQrgk8HU5lW6U/Lcs8+9aaYcy4ZFc6DDlo4nZ7n70dEgE5rtR0oG6ufKDUnrwfWL1mXR5ljDatrQ==",
			"deprecated": "core-js@<3.23.3 is no longer maintained and not recommended for usage due to the number of issues. Because of the V8 engine whims, feature detection in old core-js versions could cause a slowdown up to 100x even if nothing is polyfilled. Some versions have web compatibility issues. Please, upgrade your dependencies to the actual version of core-js.",
			"dev": true,
			"hasInstallScript": true
		},
		"node_modules/cssfilter": {
			"version": "0.0.10",
			"resolved": "https://registry.npmmirror.com/cssfilter/-/cssfilter-0.0.10.tgz",
			"integrity": "sha512-FAaLDaplstoRsDR8XGYH51znUN0UY7nMc6Z9/fvE8EXGwvJE9hu7W2vHwx1+bd6gCYnln9nLbzxFTrcO9YQDZw=="
		},
		"node_modules/mavon-editor": {
			"version": "2.10.4",
			"resolved": "https://registry.npmmirror.com/mavon-editor/-/mavon-editor-2.10.4.tgz",
			"integrity": "sha512-CFsBLkgt/KZBDg+SJYe2fyYv4zClY149PiwpH0rDAiiP4ae1XNs0GC8nBsoTeipsHcebDLN1QMkt3bUsnMDjQw==",
			"dependencies": {
				"xss": "^1.0.6"
			}
		},
		"node_modules/regenerator-runtime": {
			"version": "0.11.1",
			"resolved": "https://registry.npmmirror.com/regenerator-runtime/-/regenerator-runtime-0.11.1.tgz",
			"integrity": "sha512-MguG95oij0fC3QV3URf4V2SDYGJhJnJGqvIIgdECeODCT98wSWDAJ94SSuVpYQUoTcGUIL6L4yNB7j1DFFHSBg==",
			"dev": true
		},
		"node_modules/xss": {
			"version": "1.0.14",
			"resolved": "https://registry.npmmirror.com/xss/-/xss-1.0.14.tgz",
			"integrity": "sha512-og7TEJhXvn1a7kzZGQ7ETjdQVS2UfZyTlsEdDOqvQF7GoxNfY+0YLCzBy1kPdsDDx4QuNAonQPddpsn6Xl/7sw==",
			"dependencies": {
				"commander": "^2.20.3",
				"cssfilter": "0.0.10"
			},
			"bin": {
				"xss": "bin/xss"
			},
			"engines": {
				"node": ">= 0.10.0"
			}
		}
	}
}
